
Microsoft Visual Studio Solution File, Format Version 12.00
# Visual Studio Version 17
VisualStudioVersion = 17.5.33530.505
MinimumVisualStudioVersion = 10.0.40219.1
Project("{FAE04EC0-301F-11D3-BF4B-00C04F79EFBC}") = "dz11", "dz11\dz11.csproj", "{8F642764-D816-412D-88F7-6338A91709F9}"
EndProject
Global
	GlobalSection(SolutionConfigurationPlatforms) = preSolution
		Debug|Any CPU = Debug|Any CPU
		Release|Any CPU = Release|Any CPU
	EndGlobalSection
	GlobalSection(ProjectConfigurationPlatforms) = postSolution
		{8F642764-D816-412D-88F7-6338A91709F9}.Debug|Any CPU.ActiveCfg = Debug|Any CPU
		{8F642764-D816-412D-88F7-6338A91709F9}.Debug|Any CPU.Build.0 = Debug|Any CPU
		{8F642764-D816-412D-88F7-6338A91709F9}.Release|Any CPU.ActiveCfg = Release|Any CPU
		{8F642764-D816-412D-88F7-6338A91709F9}.Release|Any CPU.Build.0 = Release|Any CPU
	EndGlobalSection
	GlobalSection(SolutionProperties) = preSolution
		HideSolutionNode = FALSE
	EndGlobalSection
	GlobalSection(ExtensibilityGlobals) = postSolution
		SolutionGuid = {692FE66D-01DA-456A-8A84-C6361C2003B7}
	EndGlobalSection
EndGlobal
